
Microsoft Visual Studio Solution File, Format Version 12.00
# Visual Studio Version 17
VisualStudioVersion = 17.4.33213.308
MinimumVisualStudioVersion = 10.0.40219.1
Project("{9A19103F-16F7-4668-BE54-9A1E7A4F7556}") = "BCBHPMSBlazor", "BlazorAppFirstProject\BCBHPMSBlazor.csproj", "{5712946E-083E-48FD-8900-C3906E886B56}"
EndProject
Project("{00D1A9C2-B5F0-4AF3-8072-F6C62B433612}") = "BCBDatabase", "DacayoIdentity\BCBDatabase.sqlproj", "{2FF0C688-5F9B-40CD-AF25-4002FC36921D}"
EndProject
Project("{9A19103F-16F7-4668-BE54-9A1E7A4F7556}") = "BCBLibrary", "BCBLibrary\BCBLibrary.csproj", "{5126D991-C5A8-4CCD-BFB1-E117FFCE224A}"
EndProject
Global
	GlobalSection(SolutionConfigurationPlatforms) = preSolution
		Debug|Any CPU = Debug|Any CPU
		Release|Any CPU = Release|Any CPU
	EndGlobalSection
	GlobalSection(ProjectConfigurationPlatforms) = postSolution
		{5712946E-083E-48FD-8900-C3906E886B56}.Debug|Any CPU.ActiveCfg = Debug|Any CPU
		{5712946E-083E-48FD-8900-C3906E886B56}.Debug|Any CPU.Build.0 = Debug|Any CPU
		{5712946E-083E-48FD-8900-C3906E886B56}.Release|Any CPU.ActiveCfg = Release|Any CPU
		{5712946E-083E-48FD-8900-C3906E886B56}.Release|Any CPU.Build.0 = Release|Any CPU
		{2FF0C688-5F9B-40CD-AF25-4002FC36921D}.Debug|Any CPU.ActiveCfg = Debug|Any CPU
		{2FF0C688-5F9B-40CD-AF25-4002FC36921D}.Debug|Any CPU.Build.0 = Debug|Any CPU
		{2FF0C688-5F9B-40CD-AF25-4002FC36921D}.Debug|Any CPU.Deploy.0 = Debug|Any CPU
		{2FF0C688-5F9B-40CD-AF25-4002FC36921D}.Release|Any CPU.ActiveCfg = Release|Any CPU
		{2FF0C688-5F9B-40CD-AF25-4002FC36921D}.Release|Any CPU.Build.0 = Release|Any CPU
		{2FF0C688-5F9B-40CD-AF25-4002FC36921D}.Release|Any CPU.Deploy.0 = Release|Any CPU
		{5126D991-C5A8-4CCD-BFB1-E117FFCE224A}.Debug|Any CPU.ActiveCfg = Debug|Any CPU
		{5126D991-C5A8-4CCD-BFB1-E117FFCE224A}.Debug|Any CPU.Build.0 = Debug|Any CPU
		{5126D991-C5A8-4CCD-BFB1-E117FFCE224A}.Release|Any CPU.ActiveCfg = Release|Any CPU
		{5126D991-C5A8-4CCD-BFB1-E117FFCE224A}.Release|Any CPU.Build.0 = Release|Any CPU
	EndGlobalSection
	GlobalSection(SolutionProperties) = preSolution
		HideSolutionNode = FALSE
	EndGlobalSection
	GlobalSection(ExtensibilityGlobals) = postSolution
		SolutionGuid = {343F3BCC-802C-41CA-B7E8-080D797E7BD4}
	EndGlobalSection
EndGlobal
